
Microsoft Visual Studio Solution File, Format Version 12.00
# Visual Studio Version 16
VisualStudioVersion = 16.0.31025.194
MinimumVisualStudioVersion = 10.0.40219.1
Project("{FAE04EC0-301F-11D3-BF4B-00C04F79EFBC}") = "AulaFuncaoMultiRetornoManha", "AulaFuncaoMultiRetornoManha.csproj", "{005429E3-3BFC-4F16-9313-7EBC5631C3FA}"
EndProject
Global
	GlobalSection(SolutionConfigurationPlatforms) = preSolution
		Debug|Any CPU = Debug|Any CPU
		Release|Any CPU = Release|Any CPU
	EndGlobalSection
	GlobalSection(ProjectConfigurationPlatforms) = postSolution
		{005429E3-3BFC-4F16-9313-7EBC5631C3FA}.Debug|Any CPU.ActiveCfg = Debug|Any CPU
		{005429E3-3BFC-4F16-9313-7EBC5631C3FA}.Debug|Any CPU.Build.0 = Debug|Any CPU
		{005429E3-3BFC-4F16-9313-7EBC5631C3FA}.Release|Any CPU.ActiveCfg = Release|Any CPU
		{005429E3-3BFC-4F16-9313-7EBC5631C3FA}.Release|Any CPU.Build.0 = Release|Any CPU
	EndGlobalSection
	GlobalSection(SolutionProperties) = preSolution
		HideSolutionNode = FALSE
	EndGlobalSection
	GlobalSection(ExtensibilityGlobals) = postSolution
		SolutionGuid = {80DFD1B4-50E0-4705-8D02-7EA63ADD2DF3}
	EndGlobalSection
EndGlobal
